
Microsoft Visual Studio Solution File, Format Version 12.00
# Visual Studio Version 17
VisualStudioVersion = 17.5.002.0
MinimumVisualStudioVersion = 10.0.40219.1
Project("{2150E333-8FDC-42A3-9474-1A3956D46DE8}") = "csharp-prep", "csharp-prep", "{9ED09606-EC4E-4C62-AB5B-0CCBEE4DD408}"
EndProject
Project("{9A19103F-16F7-4668-BE54-9A1E7A4F7556}") = "Prep1", "csharp-prep\Prep1\Prep1.csproj", "{18946DD8-5F73-4D04-8813-1B2A3C836510}"
EndProject
Project("{9A19103F-16F7-4668-BE54-9A1E7A4F7556}") = "Prep2", "csharp-prep\Prep2\Prep2.csproj", "{F2494D0C-C55C-4F80-BF0D-6E8CC746BD10}"
EndProject
Project("{9A19103F-16F7-4668-BE54-9A1E7A4F7556}") = "Prep3", "csharp-prep\Prep3\Prep3.csproj", "{D59F9B8E-04B9-41FA-9F60-E0F9B74E35FF}"
EndProject
Project("{9A19103F-16F7-4668-BE54-9A1E7A4F7556}") = "Prep4", "csharp-prep\Prep4\Prep4.csproj", "{07D4A763-9880-4561-AEA4-7AF946043328}"
EndProject
Project("{9A19103F-16F7-4668-BE54-9A1E7A4F7556}") = "Prep5", "csharp-prep\Prep5\Prep5.csproj", "{77A5C2D6-87E6-4EE7-A0F1-F098221CA1E6}"
EndProject
Project("{2150E333-8FDC-42A3-9474-1A3956D46DE8}") = "final", "final", "{AC88327B-5A3C-45EF-B999-9D1DB7EB2662}"
EndProject
Project("{9A19103F-16F7-4668-BE54-9A1E7A4F7556}") = "FinalProject", "final\FinalProject\FinalProject.csproj", "{BB35DF77-C7AB-43B8-9280-1BB1ABC72AC1}"
EndProject
Project("{9A19103F-16F7-4668-BE54-9A1E7A4F7556}") = "Foundation1", "final\Foundation1\Foundation1.csproj", "{FA513D59-0F55-420C-B36D-12B34396E7EC}"
EndProject
Project("{9A19103F-16F7-4668-BE54-9A1E7A4F7556}") = "Foundation2", "final\Foundation2\Foundation2.csproj", "{705B0A19-2FDA-42CC-9FAD-103EC46B29DA}"
EndProject
Project("{9A19103F-16F7-4668-BE54-9A1E7A4F7556}") = "Foundation3", "final\Foundation3\Foundation3.csproj", "{E59A95DA-C395-44DB-9D27-25B83332F16A}"
EndProject
Project("{9A19103F-16F7-4668-BE54-9A1E7A4F7556}") = "Foundation4", "final\Foundation4\Foundation4.csproj", "{CBE83452-E366-46E2-91F8-4251F1E37378}"
EndProject
Project("{2150E333-8FDC-42A3-9474-1A3956D46DE8}") = "prepare", "prepare", "{D00878EC-96F1-4F07-A082-7BF075FD042B}"
EndProject
Project("{9A19103F-16F7-4668-BE54-9A1E7A4F7556}") = "Learning02", "prepare\Learning02\Learning02.csproj", "{26BFDCEF-9EF3-4F99-98EC-6229958AC0AE}"
EndProject
Project("{9A19103F-16F7-4668-BE54-9A1E7A4F7556}") = "Learning03", "prepare\Learning03\Learning03.csproj", "{74BDF5AB-E846-4AC1-B400-19BB96846426}"
EndProject
Project("{9A19103F-16F7-4668-BE54-9A1E7A4F7556}") = "Learning04", "prepare\Learning04\Learning04.csproj", "{FE01067B-6685-4967-B130-FD291E388DC2}"
EndProject
Project("{9A19103F-16F7-4668-BE54-9A1E7A4F7556}") = "Learning05", "prepare\Learning05\Learning05.csproj", "{B1EEB7C0-E609-433B-8D5D-76F563D3C4D1}"
EndProject
Project("{2150E333-8FDC-42A3-9474-1A3956D46DE8}") = "prove", "prove", "{1315389D-B4FF-460E-8D5F-3494408902FA}"
EndProject
Project("{9A19103F-16F7-4668-BE54-9A1E7A4F7556}") = "Develop02", "prove\Develop02\Develop02.csproj", "{2577D1B9-AE5E-41DE-8EFD-935ED2B2F365}"
EndProject
Project("{9A19103F-16F7-4668-BE54-9A1E7A4F7556}") = "Develop03", "prove\Develop03\Develop03.csproj", "{F54DB41E-FDC8-423F-A329-94E5E72C7515}"
EndProject
Project("{9A19103F-16F7-4668-BE54-9A1E7A4F7556}") = "Develop04", "prove\Develop04\Develop04.csproj", "{DF0CEB27-DD2D-4FE5-8BFA-D73D6652D16C}"
EndProject
Project("{9A19103F-16F7-4668-BE54-9A1E7A4F7556}") = "Develop05", "prove\Develop05\Develop05.csproj", "{7F0BF85B-AFAD-4225-A6E9-C7B57B139586}"
EndProject
Project("{2150E333-8FDC-42A3-9474-1A3956D46DE8}") = "sandbox", "sandbox", "{35BA4947-75AB-44DF-9BCC-30EBFF0F3712}"
EndProject
Project("{9A19103F-16F7-4668-BE54-9A1E7A4F7556}") = "Sandbox", "sandbox\Sandbox\Sandbox.csproj", "{91C7D360-246E-4B59-88E8-3DFEA1F82E08}"
EndProject
Global
	GlobalSection(SolutionConfigurationPlatforms) = preSolution
		Debug|Any CPU = Debug|Any CPU
		Release|Any CPU = Release|Any CPU
	EndGlobalSection
	GlobalSection(ProjectConfigurationPlatforms) = postSolution
		{18946DD8-5F73-4D04-8813-1B2A3C836510}.Debug|Any CPU.ActiveCfg = Debug|Any CPU
		{18946DD8-5F73-4D04-8813-1B2A3C836510}.Debug|Any CPU.Build.0 = Debug|Any CPU
		{18946DD8-5F73-4D04-8813-1B2A3C836510}.Release|Any CPU.ActiveCfg = Release|Any CPU
		{18946DD8-5F73-4D04-8813-1B2A3C836510}.Release|Any CPU.Build.0 = Release|Any CPU
		{F2494D0C-C55C-4F80-BF0D-6E8CC746BD10}.Debug|Any CPU.ActiveCfg = Debug|Any CPU
		{F2494D0C-C55C-4F80-BF0D-6E8CC746BD10}.Debug|Any CPU.Build.0 = Debug|Any CPU
		{F2494D0C-C55C-4F80-BF0D-6E8CC746BD10}.Release|Any CPU.ActiveCfg = Release|Any CPU
		{F2494D0C-C55C-4F80-BF0D-6E8CC746BD10}.Release|Any CPU.Build.0 = Release|Any CPU
		{D59F9B8E-04B9-41FA-9F60-E0F9B74E35FF}.Debug|Any CPU.ActiveCfg = Debug|Any CPU
		{D59F9B8E-04B9-41FA-9F60-E0F9B74E35FF}.Debug|Any CPU.Build.0 = Debug|Any CPU
		{D59F9B8E-04B9-41FA-9F60-E0F9B74E35FF}.Release|Any CPU.ActiveCfg = Release|Any CPU
		{D59F9B8E-04B9-41FA-9F60-E0F9B74E35FF}.Release|Any CPU.Build.0 = Release|Any CPU
		{07D4A763-9880-4561-AEA4-7AF946043328}.Debug|Any CPU.ActiveCfg = Debug|Any CPU
		{07D4A763-9880-4561-AEA4-7AF946043328}.Debug|Any CPU.Build.0 = Debug|Any CPU
		{07D4A763-9880-4561-AEA4-7AF946043328}.Release|Any CPU.ActiveCfg = Release|Any CPU
		{07D4A763-9880-4561-AEA4-7AF946043328}.Release|Any CPU.Build.0 = Release|Any CPU
		{77A5C2D6-87E6-4EE7-A0F1-F098221CA1E6}.Debug|Any CPU.ActiveCfg = Debug|Any CPU
		{77A5C2D6-87E6-4EE7-A0F1-F098221CA1E6}.Debug|Any CPU.Build.0 = Debug|Any CPU
		{77A5C2D6-87E6-4EE7-A0F1-F098221CA1E6}.Release|Any CPU.ActiveCfg = Release|Any CPU
		{77A5C2D6-87E6-4EE7-A0F1-F098221CA1E6}.Release|Any CPU.Build.0 = Release|Any CPU
		{BB35DF77-C7AB-43B8-9280-1BB1ABC72AC1}.Debug|Any CPU.ActiveCfg = Debug|Any CPU
		{BB35DF77-C7AB-43B8-9280-1BB1ABC72AC1}.Debug|Any CPU.Build.0 = Debug|Any CPU
		{BB35DF77-C7AB-43B8-9280-1BB1ABC72AC1}.Release|Any CPU.ActiveCfg = Release|Any CPU
		{BB35DF77-C7AB-43B8-9280-1BB1ABC72AC1}.Release|Any CPU.Build.0 = Release|Any CPU
		{FA513D59-0F55-420C-B36D-12B34396E7EC}.Debug|Any CPU.ActiveCfg = Debug|Any CPU
		{FA513D59-0F55-420C-B36D-12B34396E7EC}.Debug|Any CPU.Build.0 = Debug|Any CPU
		{FA513D59-0F55-420C-B36D-12B34396E7EC}.Release|Any CPU.ActiveCfg = Release|Any CPU
		{FA513D59-0F55-420C-B36D-12B34396E7EC}.Release|Any CPU.Build.0 = Release|Any CPU
		{705B0A19-2FDA-42CC-9FAD-103EC46B29DA}.Debug|Any CPU.ActiveCfg = Debug|Any CPU
		{705B0A19-2FDA-42CC-9FAD-103EC46B29DA}.Debug|Any CPU.Build.0 = Debug|Any CPU
		{705B0A19-2FDA-42CC-9FAD-103EC46B29DA}.Release|Any CPU.ActiveCfg = Release|Any CPU
		{705B0A19-2FDA-42CC-9FAD-103EC46B29DA}.Release|Any CPU.Build.0 = Release|Any CPU
		{E59A95DA-C395-44DB-9D27-25B83332F16A}.Debug|Any CPU.ActiveCfg = Debug|Any CPU
		{E59A95DA-C395-44DB-9D27-25B83332F16A}.Debug|Any CPU.Build.0 = Debug|Any CPU
		{E59A95DA-C395-44DB-9D27-25B83332F16A}.Release|Any CPU.ActiveCfg = Release|Any CPU
		{E59A95DA-C395-44DB-9D27-25B83332F16A}.Release|Any CPU.Build.0 = Release|Any CPU
		{CBE83452-E366-46E2-91F8-4251F1E37378}.Debug|Any CPU.ActiveCfg = Debug|Any CPU
		{CBE83452-E366-46E2-91F8-4251F1E37378}.Debug|Any CPU.Build.0 = Debug|Any CPU
		{CBE83452-E366-46E2-91F8-4251F1E37378}.Release|Any CPU.ActiveCfg = Release|Any CPU
		{CBE83452-E366-46E2-91F8-4251F1E37378}.Release|Any CPU.Build.0 = Release|Any CPU
		{26BFDCEF-9EF3-4F99-98EC-6229958AC0AE}.Debug|Any CPU.ActiveCfg = Debug|Any CPU
		{26BFDCEF-9EF3-4F99-98EC-6229958AC0AE}.Debug|Any CPU.Build.0 = Debug|Any CPU
		{26BFDCEF-9EF3-4F99-98EC-6229958AC0AE}.Release|Any CPU.ActiveCfg = Release|Any CPU
		{26BFDCEF-9EF3-4F99-98EC-6229958AC0AE}.Release|Any CPU.Build.0 = Release|Any CPU
		{74BDF5AB-E846-4AC1-B400-19BB96846426}.Debug|Any CPU.ActiveCfg = Debug|Any CPU
		{74BDF5AB-E846-4AC1-B400-19BB96846426}.Debug|Any CPU.Build.0 = Debug|Any CPU
		{74BDF5AB-E846-4AC1-B400-19BB96846426}.Release|Any CPU.ActiveCfg = Release|Any CPU
		{74BDF5AB-E846-4AC1-B400-19BB96846426}.Release|Any CPU.Build.0 = Release|Any CPU
		{FE01067B-6685-4967-B130-FD291E388DC2}.Debug|Any CPU.ActiveCfg = Debug|Any CPU
		{FE01067B-6685-4967-B130-FD291E388DC2}.Debug|Any CPU.Build.0 = Debug|Any CPU
		{FE01067B-6685-4967-B130-FD291E388DC2}.Release|Any CPU.ActiveCfg = Release|Any CPU
		{FE01067B-6685-4967-B130-FD291E388DC2}.Release|Any CPU.Build.0 = Release|Any CPU
		{B1EEB7C0-E609-433B-8D5D-76F563D3C4D1}.Debug|Any CPU.ActiveCfg = Debug|Any CPU
		{B1EEB7C0-E609-433B-8D5D-76F563D3C4D1}.Debug|Any CPU.Build.0 = Debug|Any CPU
		{B1EEB7C0-E609-433B-8D5D-76F563D3C4D1}.Release|Any CPU.ActiveCfg = Release|Any CPU
		{B1EEB7C0-E609-433B-8D5D-76F563D3C4D1}.Release|Any CPU.Build.0 = Release|Any CPU
		{2577D1B9-AE5E-41DE-8EFD-935ED2B2F365}.Debug|Any CPU.ActiveCfg = Debug|Any CPU
		{2577D1B9-AE5E-41DE-8EFD-935ED2B2F365}.Debug|Any CPU.Build.0 = Debug|Any CPU
		{2577D1B9-AE5E-41DE-8EFD-935ED2B2F365}.Release|Any CPU.ActiveCfg = Release|Any CPU
		{2577D1B9-AE5E-41DE-8EFD-935ED2B2F365}.Release|Any CPU.Build.0 = Release|Any CPU
		{F54DB41E-FDC8-423F-A329-94E5E72C7515}.Debug|Any CPU.ActiveCfg = Debug|Any CPU
		{F54DB41E-FDC8-423F-A329-94E5E72C7515}.Debug|Any CPU.Build.0 = Debug|Any CPU
		{F54DB41E-FDC8-423F-A329-94E5E72C7515}.Release|Any CPU.ActiveCfg = Release|Any CPU
		{F54DB41E-FDC8-423F-A329-94E5E72C7515}.Release|Any CPU.Build.0 = Release|Any CPU
		{DF0CEB27-DD2D-4FE5-8BFA-D73D6652D16C}.Debug|Any CPU.ActiveCfg = Debug|Any CPU
		{DF0CEB27-DD2D-4FE5-8BFA-D73D6652D16C}.Debug|Any CPU.Build.0 = Debug|Any CPU
		{DF0CEB27-DD2D-4FE5-8BFA-D73D6652D16C}.Release|Any CPU.ActiveCfg = Release|Any CPU
		{DF0CEB27-DD2D-4FE5-8BFA-D73D6652D16C}.Release|Any CPU.Build.0 = Release|Any CPU
		{7F0BF85B-AFAD-4225-A6E9-C7B57B139586}.Debug|Any CPU.ActiveCfg = Debug|Any CPU
		{7F0BF85B-AFAD-4225-A6E9-C7B57B139586}.Debug|Any CPU.Build.0 = Debug|Any CPU
		{7F0BF85B-AFAD-4225-A6E9-C7B57B139586}.Release|Any CPU.ActiveCfg = Release|Any CPU
		{7F0BF85B-AFAD-4225-A6E9-C7B57B139586}.Release|Any CPU.Build.0 = Release|Any CPU
		{91C7D360-246E-4B59-88E8-3DFEA1F82E08}.Debug|Any CPU.ActiveCfg = Debug|Any CPU
		{91C7D360-246E-4B59-88E8-3DFEA1F82E08}.Debug|Any CPU.Build.0 = Debug|Any CPU
		{91C7D360-246E-4B59-88E8-3DFEA1F82E08}.Release|Any CPU.ActiveCfg = Release|Any CPU
		{91C7D360-246E-4B59-88E8-3DFEA1F82E08}.Release|Any CPU.Build.0 = Release|Any CPU
	EndGlobalSection
	GlobalSection(SolutionProperties) = preSolution
		HideSolutionNode = FALSE
	EndGlobalSection
	GlobalSection(NestedProjects) = preSolution
		{18946DD8-5F73-4D04-8813-1B2A3C836510} = {9ED09606-EC4E-4C62-AB5B-0CCBEE4DD408}
		{F2494D0C-C55C-4F80-BF0D-6E8CC746BD10} = {9ED09606-EC4E-4C62-AB5B-0CCBEE4DD408}
		{D59F9B8E-04B9-41FA-9F60-E0F9B74E35FF} = {9ED09606-EC4E-4C62-AB5B-0CCBEE4DD408}
		{07D4A763-9880-4561-AEA4-7AF946043328} = {9ED09606-EC4E-4C62-AB5B-0CCBEE4DD408}
		{77A5C2D6-87E6-4EE7-A0F1-F098221CA1E6} = {9ED09606-EC4E-4C62-AB5B-0CCBEE4DD408}
		{BB35DF77-C7AB-43B8-9280-1BB1ABC72AC1} = {AC88327B-5A3C-45EF-B999-9D1DB7EB2662}
		{FA513D59-0F55-420C-B36D-12B34396E7EC} = {AC88327B-5A3C-45EF-B999-9D1DB7EB2662}
		{705B0A19-2FDA-42CC-9FAD-103EC46B29DA} = {AC88327B-5A3C-45EF-B999-9D1DB7EB2662}
		{E59A95DA-C395-44DB-9D27-25B83332F16A} = {AC88327B-5A3C-45EF-B999-9D1DB7EB2662}
		{CBE83452-E366-46E2-91F8-4251F1E37378} = {AC88327B-5A3C-45EF-B999-9D1DB7EB2662}
		{26BFDCEF-9EF3-4F99-98EC-6229958AC0AE} = {D00878EC-96F1-4F07-A082-7BF075FD042B}
		{74BDF5AB-E846-4AC1-B400-19BB96846426} = {D00878EC-96F1-4F07-A082-7BF075FD042B}
		{FE01067B-6685-4967-B130-FD291E388DC2} = {D00878EC-96F1-4F07-A082-7BF075FD042B}
		{B1EEB7C0-E609-433B-8D5D-76F563D3C4D1} = {D00878EC-96F1-4F07-A082-7BF075FD042B}
		{2577D1B9-AE5E-41DE-8EFD-935ED2B2F365} = {1315389D-B4FF-460E-8D5F-3494408902FA}
		{F54DB41E-FDC8-423F-A329-94E5E72C7515} = {1315389D-B4FF-460E-8D5F-3494408902FA}
		{DF0CEB27-DD2D-4FE5-8BFA-D73D6652D16C} = {1315389D-B4FF-460E-8D5F-3494408902FA}
		{7F0BF85B-AFAD-4225-A6E9-C7B57B139586} = {1315389D-B4FF-460E-8D5F-3494408902FA}
		{91C7D360-246E-4B59-88E8-3DFEA1F82E08} = {35BA4947-75AB-44DF-9BCC-30EBFF0F3712}
	EndGlobalSection
	GlobalSection(ExtensibilityGlobals) = postSolution
		SolutionGuid = {BACAE7CE-ABF8-4F9B-9784-BF703EB7805E}
	EndGlobalSection
EndGlobal
